
Microsoft Visual Studio Solution File, Format Version 12.00
# Visual Studio 14
VisualStudioVersion = 14.0.25420.1
MinimumVisualStudioVersion = 10.0.40219.1
Project("{8BC9CEB8-8B4A-11D0-8D11-00A0C91BC942}") = "OverCover", "OverCover\OverCover.vcxproj", "{B9A19AB1-38B7-442E-B999-85D046BBBE4F}"
EndProject
Project("{8BC9CEB8-8B4A-11D0-8D11-00A0C91BC942}") = "OverCover2D", "OverCover2D\OverCover2D.vcxproj", "{66B5E3EF-BBB7-4E2D-AA75-ECE4EA903076}"
EndProject
Global
	GlobalSection(SolutionConfigurationPlatforms) = preSolution
		Debug|Win32 = Debug|Win32
		Debug|x64 = Debug|x64
		Release|Win32 = Release|Win32
		Release|x64 = Release|x64
	EndGlobalSection
	GlobalSection(ProjectConfigurationPlatforms) = postSolution
		{B9A19AB1-38B7-442E-B999-85D046BBBE4F}.Debug|Win32.ActiveCfg = Debug|Win32
		{B9A19AB1-38B7-442E-B999-85D046BBBE4F}.Debug|Win32.Build.0 = Debug|Win32
		{B9A19AB1-38B7-442E-B999-85D046BBBE4F}.Debug|x64.ActiveCfg = Debug|Win32
		{B9A19AB1-38B7-442E-B999-85D046BBBE4F}.Release|Win32.ActiveCfg = Release|Win32
		{B9A19AB1-38B7-442E-B999-85D046BBBE4F}.Release|Win32.Build.0 = Release|Win32
		{B9A19AB1-38B7-442E-B999-85D046BBBE4F}.Release|x64.ActiveCfg = Release|Win32
		{66B5E3EF-BBB7-4E2D-AA75-ECE4EA903076}.Debug|Win32.ActiveCfg = Debug|Win32
		{66B5E3EF-BBB7-4E2D-AA75-ECE4EA903076}.Debug|Win32.Build.0 = Debug|Win32
		{66B5E3EF-BBB7-4E2D-AA75-ECE4EA903076}.Debug|x64.ActiveCfg = Debug|x64
		{66B5E3EF-BBB7-4E2D-AA75-ECE4EA903076}.Debug|x64.Build.0 = Debug|x64
		{66B5E3EF-BBB7-4E2D-AA75-ECE4EA903076}.Release|Win32.ActiveCfg = Release|Win32
		{66B5E3EF-BBB7-4E2D-AA75-ECE4EA903076}.Release|Win32.Build.0 = Release|Win32
		{66B5E3EF-BBB7-4E2D-AA75-ECE4EA903076}.Release|x64.ActiveCfg = Release|x64
		{66B5E3EF-BBB7-4E2D-AA75-ECE4EA903076}.Release|x64.Build.0 = Release|x64
	EndGlobalSection
	GlobalSection(SolutionProperties) = preSolution
		HideSolutionNode = FALSE
	EndGlobalSection
EndGlobal
